
Microsoft Visual Studio Solution File, Format Version 12.00
# Visual Studio Version 16
VisualStudioVersion = 16.0.30523.141
MinimumVisualStudioVersion = 10.0.40219.1
Project("{FAE04EC0-301F-11D3-BF4B-00C04F79EFBC}") = "MVCAjax", "MVCAjax.csproj", "{54D440BE-7CC0-4FD8-B68D-B1CAC26C8DB8}"
EndProject
Project("{FAE04EC0-301F-11D3-BF4B-00C04F79EFBC}") = "Domain", "Domain\Domain.csproj", "{F97379A4-8DB1-4E27-AB7E-9468EE3A89F2}"
EndProject
Project("{FAE04EC0-301F-11D3-BF4B-00C04F79EFBC}") = "Infrastructure", "Infrastructure\Infrastructure.csproj", "{15111170-AC3A-480A-84C7-138AE70F3823}"
EndProject
Project("{FAE04EC0-301F-11D3-BF4B-00C04F79EFBC}") = "Service", "Service\Service.csproj", "{17717425-40C3-438D-BE6B-548C29CFE63D}"
EndProject
Project("{FAE04EC0-301F-11D3-BF4B-00C04F79EFBC}") = "API", "..\API\API.csproj", "{52E0814B-AEDF-49B2-BA18-974AE705A2A9}"
EndProject
Global
	GlobalSection(SolutionConfigurationPlatforms) = preSolution
		Debug|Any CPU = Debug|Any CPU
		Release|Any CPU = Release|Any CPU
	EndGlobalSection
	GlobalSection(ProjectConfigurationPlatforms) = postSolution
		{54D440BE-7CC0-4FD8-B68D-B1CAC26C8DB8}.Debug|Any CPU.ActiveCfg = Debug|Any CPU
		{54D440BE-7CC0-4FD8-B68D-B1CAC26C8DB8}.Debug|Any CPU.Build.0 = Debug|Any CPU
		{54D440BE-7CC0-4FD8-B68D-B1CAC26C8DB8}.Release|Any CPU.ActiveCfg = Release|Any CPU
		{54D440BE-7CC0-4FD8-B68D-B1CAC26C8DB8}.Release|Any CPU.Build.0 = Release|Any CPU
		{F97379A4-8DB1-4E27-AB7E-9468EE3A89F2}.Debug|Any CPU.ActiveCfg = Debug|Any CPU
		{F97379A4-8DB1-4E27-AB7E-9468EE3A89F2}.Debug|Any CPU.Build.0 = Debug|Any CPU
		{F97379A4-8DB1-4E27-AB7E-9468EE3A89F2}.Release|Any CPU.ActiveCfg = Release|Any CPU
		{F97379A4-8DB1-4E27-AB7E-9468EE3A89F2}.Release|Any CPU.Build.0 = Release|Any CPU
		{15111170-AC3A-480A-84C7-138AE70F3823}.Debug|Any CPU.ActiveCfg = Debug|Any CPU
		{15111170-AC3A-480A-84C7-138AE70F3823}.Debug|Any CPU.Build.0 = Debug|Any CPU
		{15111170-AC3A-480A-84C7-138AE70F3823}.Release|Any CPU.ActiveCfg = Release|Any CPU
		{15111170-AC3A-480A-84C7-138AE70F3823}.Release|Any CPU.Build.0 = Release|Any CPU
		{17717425-40C3-438D-BE6B-548C29CFE63D}.Debug|Any CPU.ActiveCfg = Debug|Any CPU
		{17717425-40C3-438D-BE6B-548C29CFE63D}.Debug|Any CPU.Build.0 = Debug|Any CPU
		{17717425-40C3-438D-BE6B-548C29CFE63D}.Release|Any CPU.ActiveCfg = Release|Any CPU
		{17717425-40C3-438D-BE6B-548C29CFE63D}.Release|Any CPU.Build.0 = Release|Any CPU
		{52E0814B-AEDF-49B2-BA18-974AE705A2A9}.Debug|Any CPU.ActiveCfg = Debug|Any CPU
		{52E0814B-AEDF-49B2-BA18-974AE705A2A9}.Debug|Any CPU.Build.0 = Debug|Any CPU
		{52E0814B-AEDF-49B2-BA18-974AE705A2A9}.Release|Any CPU.ActiveCfg = Release|Any CPU
		{52E0814B-AEDF-49B2-BA18-974AE705A2A9}.Release|Any CPU.Build.0 = Release|Any CPU
	EndGlobalSection
	GlobalSection(SolutionProperties) = preSolution
		HideSolutionNode = FALSE
	EndGlobalSection
	GlobalSection(ExtensibilityGlobals) = postSolution
		SolutionGuid = {AA0457EB-7527-4AE9-905F-7BCA950E5BEF}
	EndGlobalSection
EndGlobal
